// !$*UTF8*$!
{
	archiveVersion = 1;
	classes = {
	};
	objectVersion = 50;
	objects = {

/* Begin PBXBuildFile section */
		A7165E97292580030065E2A4 /* AppDelegate.swift in Sources */ = {isa = PBXBuildFile; fileRef = A7165E96292580030065E2A4 /* AppDelegate.swift */; };
		A7165E99292580030065E2A4 /* SceneDelegate.swift in Sources */ = {isa = PBXBuildFile; fileRef = A7165E98292580030065E2A4 /* SceneDelegate.swift */; };
		A7165E9B292580030065E2A4 /* ContentView.swift in Sources */ = {isa = PBXBuildFile; fileRef = A7165E9A292580030065E2A4 /* ContentView.swift */; };
		A7165E9D292580050065E2A4 /* Assets.xcassets in Resources */ = {isa = PBXBuildFile; fileRef = A7165E9C292580050065E2A4 /* Assets.xcassets */; };
		A7165EA0292580050065E2A4 /* Preview Assets.xcassets in Resources */ = {isa = PBXBuildFile; fileRef = A7165E9F292580050065E2A4 /* Preview Assets.xcassets */; };
		A7165EA3292580050065E2A4 /* LaunchScreen.storyboard in Resources */ = {isa = PBXBuildFile; fileRef = A7165EA1292580050065E2A4 /* LaunchScreen.storyboard */; };
		A7165EAE292580050065E2A4 /* Jp_s_appTests.swift in Sources */ = {isa = PBXBuildFile; fileRef = A7165EAD292580050065E2A4 /* Jp_s_appTests.swift */; };
		A7165EB9292580050065E2A4 /* Jp_s_appUITests.swift in Sources */ = {isa = PBXBuildFile; fileRef = A7165EB8292580050065E2A4 /* Jp_s_appUITests.swift */; };
		A7165EC9292F11610065E2A4 /* IInfusionData.swift in Sources */ = {isa = PBXBuildFile; fileRef = A7165EC8292F11610065E2A4 /* IInfusionData.swift */; };
		A7165ECC292F14C60065E2A4 /* Constants.swift in Sources */ = {isa = PBXBuildFile; fileRef = A7165ECB292F14C60065E2A4 /* Constants.swift */; };
/* End PBXBuildFile section */

/* Begin PBXContainerItemProxy section */
		A7165EAA292580050065E2A4 /* PBXContainerItemProxy */ = {
			isa = PBXContainerItemProxy;
			containerPortal = A7165E8B292580030065E2A4 /* Project object */;
			proxyType = 1;
			remoteGlobalIDString = A7165E92292580030065E2A4;
			remoteInfo = "Jp's app";
		};
		A7165EB5292580050065E2A4 /* PBXContainerItemProxy */ = {
			isa = PBXContainerItemProxy;
			containerPortal = A7165E8B292580030065E2A4 /* Project object */;
			proxyType = 1;
			remoteGlobalIDString = A7165E92292580030065E2A4;
			remoteInfo = "Jp's app";
		};
/* End PBXContainerItemProxy section */

/* Begin PBXFileReference section */
		A7165E93292580030065E2A4 /* Jp's app.app */ = {isa = PBXFileReference; explicitFileType = wrapper.application; includeInIndex = 0; path = "Jp's app.app"; sourceTree = BUILT_PRODUCTS_DIR; };
		A7165E96292580030065E2A4 /* AppDelegate.swift */ = {isa = PBXFileReference; lastKnownFileType = sourcecode.swift; path = AppDelegate.swift; sourceTree = "<group>"; };
		A7165E98292580030065E2A4 /* SceneDelegate.swift */ = {isa = PBXFileReference; lastKnownFileType = sourcecode.swift; path = SceneDelegate.swift; sourceTree = "<group>"; };
		A7165E9A292580030065E2A4 /* ContentView.swift */ = {isa = PBXFileReference; lastKnownFileType = sourcecode.swift; path = ContentView.swift; sourceTree = "<group>"; };
		A7165E9C292580050065E2A4 /* Assets.xcassets */ = {isa = PBXFileReference; lastKnownFileType = folder.assetcatalog; path = Assets.xcassets; sourceTree = "<group>"; };
		A7165E9F292580050065E2A4 /* Preview Assets.xcassets */ = {isa = PBXFileReference; lastKnownFileType = folder.assetcatalog; path = "Preview Assets.xcassets"; sourceTree = "<group>"; };
		A7165EA2292580050065E2A4 /* Base */ = {isa = PBXFileReference; lastKnownFileType = file.storyboard; name = Base; path = Base.lproj/LaunchScreen.storyboard; sourceTree = "<group>"; };
		A7165EA4292580050065E2A4 /* Info.plist */ = {isa = PBXFileReference; lastKnownFileType = text.plist.xml; path = Info.plist; sourceTree = "<group>"; };
		A7165EA9292580050065E2A4 /* Jp's appTests.xctest */ = {isa = PBXFileReference; explicitFileType = wrapper.cfbundle; includeInIndex = 0; path = "Jp's appTests.xctest"; sourceTree = BUILT_PRODUCTS_DIR; };
		A7165EAD292580050065E2A4 /* Jp_s_appTests.swift */ = {isa = PBXFileReference; lastKnownFileType = sourcecode.swift; path = Jp_s_appTests.swift; sourceTree = "<group>"; };
		A7165EAF292580050065E2A4 /* Info.plist */ = {isa = PBXFileReference; lastKnownFileType = text.plist.xml; path = Info.plist; sourceTree = "<group>"; };
		A7165EB4292580050065E2A4 /* Jp's appUITests.xctest */ = {isa = PBXFileReference; explicitFileType = wrapper.cfbundle; includeInIndex = 0; path = "Jp's appUITests.xctest"; sourceTree = BUILT_PRODUCTS_DIR; };
		A7165EB8292580050065E2A4 /* Jp_s_appUITests.swift */ = {isa = PBXFileReference; lastKnownFileType = sourcecode.swift; path = Jp_s_appUITests.swift; sourceTree = "<group>"; };
		A7165EBA292580050065E2A4 /* Info.plist */ = {isa = PBXFileReference; lastKnownFileType = text.plist.xml; path = Info.plist; sourceTree = "<group>"; };
		A7165EC8292F11610065E2A4 /* IInfusionData.swift */ = {isa = PBXFileReference; lastKnownFileType = sourcecode.swift; path = IInfusionData.swift; sourceTree = "<group>"; };
		A7165ECB292F14C60065E2A4 /* Constants.swift */ = {isa = PBXFileReference; lastKnownFileType = sourcecode.swift; path = Constants.swift; sourceTree = "<group>"; };
/* End PBXFileReference section */

/* Begin PBXFrameworksBuildPhase section */
		A7165E90292580030065E2A4 /* Frameworks */ = {
			isa = PBXFrameworksBuildPhase;
			buildActionMask = 2147483647;
			files = (
			);
			runOnlyForDeploymentPostprocessing = 0;
		};
		A7165EA6292580050065E2A4 /* Frameworks */ = {
			isa = PBXFrameworksBuildPhase;
			buildActionMask = 2147483647;
			files = (
			);
			runOnlyForDeploymentPostprocessing = 0;
		};
		A7165EB1292580050065E2A4 /* Frameworks */ = {
			isa = PBXFrameworksBuildPhase;
			buildActionMask = 2147483647;
			files = (
			);
			runOnlyForDeploymentPostprocessing = 0;
		};
/* End PBXFrameworksBuildPhase section */

/* Begin PBXGroup section */
		A7165E8A292580030065E2A4 = {
			isa = PBXGroup;
			children = (
				A7165E95292580030065E2A4 /* Jp's app */,
				A7165EAC292580050065E2A4 /* Jp's appTests */,
				A7165EB7292580050065E2A4 /* Jp's appUITests */,
				A7165E94292580030065E2A4 /* Products */,
			);
			sourceTree = "<group>";
		};
		A7165E94292580030065E2A4 /* Products */ = {
			isa = PBXGroup;
			children = (
				A7165E93292580030065E2A4 /* Jp's app.app */,
				A7165EA9292580050065E2A4 /* Jp's appTests.xctest */,
				A7165EB4292580050065E2A4 /* Jp's appUITests.xctest */,
			);
			name = Products;
			sourceTree = "<group>";
		};
		A7165E95292580030065E2A4 /* Jp's app */ = {
			isa = PBXGroup;
			children = (
				A7165ECA292F14B30065E2A4 /* Constants */,
				A7165EC7292F10970065E2A4 /* Interfaces */,
				A7165E96292580030065E2A4 /* AppDelegate.swift */,
				A7165E98292580030065E2A4 /* SceneDelegate.swift */,
				A7165E9A292580030065E2A4 /* ContentView.swift */,
				A7165E9C292580050065E2A4 /* Assets.xcassets */,
				A7165EA1292580050065E2A4 /* LaunchScreen.storyboard */,
				A7165EA4292580050065E2A4 /* Info.plist */,
				A7165E9E292580050065E2A4 /* Preview Content */,
			);
			path = "Jp's app";
			sourceTree = "<group>";
		};
		A7165E9E292580050065E2A4 /* Preview Content */ = {
			isa = PBXGroup;
			children = (
				A7165E9F292580050065E2A4 /* Preview Assets.xcassets */,
			);
			path = "Preview Content";
			sourceTree = "<group>";
		};
		A7165EAC292580050065E2A4 /* Jp's appTests */ = {
			isa = PBXGroup;
			children = (
				A7165EAD292580050065E2A4 /* Jp_s_appTests.swift */,
				A7165EAF292580050065E2A4 /* Info.plist */,
			);
			path = "Jp's appTests";
			sourceTree = "<group>";
		};
		A7165EB7292580050065E2A4 /* Jp's appUITests */ = {
			isa = PBXGroup;
			children = (
				A7165EB8292580050065E2A4 /* Jp_s_appUITests.swift */,
				A7165EBA292580050065E2A4 /* Info.plist */,
			);
			path = "Jp's appUITests";
			sourceTree = "<group>";
		};
		A7165EC7292F10970065E2A4 /* Interfaces */ = {
			isa = PBXGroup;
			children = (
				A7165EC8292F11610065E2A4 /* IInfusionData.swift */,
			);
			path = Interfaces;
			sourceTree = "<group>";
		};
		A7165ECA292F14B30065E2A4 /* Constants */ = {
			isa = PBXGroup;
			children = (
				A7165ECB292F14C60065E2A4 /* Constants.swift */,
			);
			path = Constants;
			sourceTree = "<group>";
		};
/* End PBXGroup section */

/* Begin PBXNativeTarget section */
		A7165E92292580030065E2A4 /* Jp's app */ = {
			isa = PBXNativeTarget;
			buildConfigurationList = A7165EBD292580050065E2A4 /* Build configuration list for PBXNativeTarget "Jp's app" */;
			buildPhases = (
				A7165E8F292580030065E2A4 /* Sources */,
				A7165E90292580030065E2A4 /* Frameworks */,
				A7165E91292580030065E2A4 /* Resources */,
			);
			buildRules = (
			);
			dependencies = (
			);
			name = "Jp's app";
			productName = "Jp's app";
			productReference = A7165E93292580030065E2A4 /* Jp's app.app */;
			productType = "com.apple.product-type.application";
		};
		A7165EA8292580050065E2A4 /* Jp's appTests */ = {
			isa = PBXNativeTarget;
			buildConfigurationList = A7165EC0292580050065E2A4 /* Build configuration list for PBXNativeTarget "Jp's appTests" */;
			buildPhases = (
				A7165EA5292580050065E2A4 /* Sources */,
				A7165EA6292580050065E2A4 /* Frameworks */,
				A7165EA7292580050065E2A4 /* Resources */,
			);
			buildRules = (
			);
			dependencies = (
				A7165EAB292580050065E2A4 /* PBXTargetDependency */,
			);
			name = "Jp's appTests";
			productName = "Jp's appTests";
			productReference = A7165EA9292580050065E2A4 /* Jp's appTests.xctest */;
			productType = "com.apple.product-type.bundle.unit-test";
		};
		A7165EB3292580050065E2A4 /* Jp's appUITests */ = {
			isa = PBXNativeTarget;
			buildConfigurationList = A7165EC3292580050065E2A4 /* Build configuration list for PBXNativeTarget "Jp's appUITests" */;
			buildPhases = (
				A7165EB0292580050065E2A4 /* Sources */,
				A7165EB1292580050065E2A4 /* Frameworks */,
				A7165EB2292580050065E2A4 /* Resources */,
			);
			buildRules = (
			);
			dependencies = (
				A7165EB6292580050065E2A4 /* PBXTargetDependency */,
			);
			name = "Jp's appUITests";
			productName = "Jp's appUITests";
			productReference = A7165EB4292580050065E2A4 /* Jp's appUITests.xctest */;
			productType = "com.apple.product-type.bundle.ui-testing";
		};
/* End PBXNativeTarget section */

/* Begin PBXProject section */
		A7165E8B292580030065E2A4 /* Project object */ = {
			isa = PBXProject;
			attributes = {
				LastSwiftUpdateCheck = 1130;
				LastUpgradeCheck = 1130;
				ORGANIZATIONNAME = "Ben Penwell";
				TargetAttributes = {
					A7165E92292580030065E2A4 = {
						CreatedOnToolsVersion = 11.3.1;
					};
					A7165EA8292580050065E2A4 = {
						CreatedOnToolsVersion = 11.3.1;
						TestTargetID = A7165E92292580030065E2A4;
					};
					A7165EB3292580050065E2A4 = {
						CreatedOnToolsVersion = 11.3.1;
						TestTargetID = A7165E92292580030065E2A4;
					};
				};
			};
			buildConfigurationList = A7165E8E292580030065E2A4 /* Build configuration list for PBXProject "Jp's app" */;
			compatibilityVersion = "Xcode 9.3";
			developmentRegion = en;
			hasScannedForEncodings = 0;
			knownRegions = (
				en,
				Base,
			);
			mainGroup = A7165E8A292580030065E2A4;
			productRefGroup = A7165E94292580030065E2A4 /* Products */;
			projectDirPath = "";
			projectRoot = "";
			targets = (
				A7165E92292580030065E2A4 /* Jp's app */,
				A7165EA8292580050065E2A4 /* Jp's appTests */,
				A7165EB3292580050065E2A4 /* Jp's appUITests */,
			);
		};
/* End PBXProject section */

/* Begin PBXResourcesBuildPhase section */
		A7165E91292580030065E2A4 /* Resources */ = {
			isa = PBXResourcesBuildPhase;
			buildActionMask = 2147483647;
			files = (
				A7165EA3292580050065E2A4 /* LaunchScreen.storyboard in Resources */,
				A7165EA0292580050065E2A4 /* Preview Assets.xcassets in Resources */,
				A7165E9D292580050065E2A4 /* Assets.xcassets in Resources */,
			);
			runOnlyForDeploymentPostprocessing = 0;
		};
		A7165EA7292580050065E2A4 /* Resources */ = {
			isa = PBXResourcesBuildPhase;
			buildActionMask = 2147483647;
			files = (
			);
			runOnlyForDeploymentPostprocessing = 0;
		};
		A7165EB2292580050065E2A4 /* Resources */ = {
			isa = PBXResourcesBuildPhase;
			buildActionMask = 2147483647;
			files = (
			);
			runOnlyForDeploymentPostprocessing = 0;
		};
/* End PBXResourcesBuildPhase section */

/* Begin PBXSourcesBuildPhase section */
		A7165E8F292580030065E2A4 /* Sources */ = {
			isa = PBXSourcesBuildPhase;
			buildActionMask = 2147483647;
			files = (
				A7165ECC292F14C60065E2A4 /* Constants.swift in Sources */,
				A7165EC9292F11610065E2A4 /* IInfusionData.swift in Sources */,
				A7165E97292580030065E2A4 /* AppDelegate.swift in Sources */,
				A7165E99292580030065E2A4 /* SceneDelegate.swift in Sources */,
				A7165E9B292580030065E2A4 /* ContentView.swift in Sources */,
			);
			runOnlyForDeploymentPostprocessing = 0;
		};
		A7165EA5292580050065E2A4 /* Sources */ = {
			isa = PBXSourcesBuildPhase;
			buildActionMask = 2147483647;
			files = (
				A7165EAE292580050065E2A4 /* Jp_s_appTests.swift in Sources */,
			);
			runOnlyForDeploymentPostprocessing = 0;
		};
		A7165EB0292580050065E2A4 /* Sources */ = {
			isa = PBXSourcesBuildPhase;
			buildActionMask = 2147483647;
			files = (
				A7165EB9292580050065E2A4 /* Jp_s_appUITests.swift in Sources */,
			);
			runOnlyForDeploymentPostprocessing = 0;
		};
/* End PBXSourcesBuildPhase section */

/* Begin PBXTargetDependency section */
		A7165EAB292580050065E2A4 /* PBXTargetDependency */ = {
			isa = PBXTargetDependency;
			target = A7165E92292580030065E2A4 /* Jp's app */;
			targetProxy = A7165EAA292580050065E2A4 /* PBXContainerItemProxy */;
		};
		A7165EB6292580050065E2A4 /* PBXTargetDependency */ = {
			isa = PBXTargetDependency;
			target = A7165E92292580030065E2A4 /* Jp's app */;
			targetProxy = A7165EB5292580050065E2A4 /* PBXContainerItemProxy */;
		};
/* End PBXTargetDependency section */

/* Begin PBXVariantGroup section */
		A7165EA1292580050065E2A4 /* LaunchScreen.storyboard */ = {
			isa = PBXVariantGroup;
			children = (
				A7165EA2292580050065E2A4 /* Base */,
			);
			name = LaunchScreen.storyboard;
			sourceTree = "<group>";
		};
/* End PBXVariantGroup section */

/* Begin XCBuildConfiguration section */
		A7165EBB292580050065E2A4 /* Debug */ = {
			isa = XCBuildConfiguration;
			buildSettings = {
				ALWAYS_SEARCH_USER_PATHS = NO;
				CLANG_ANALYZER_NONNULL = YES;
				CLANG_ANALYZER_NUMBER_OBJECT_CONVERSION = YES_AGGRESSIVE;
				CLANG_CXX_LANGUAGE_STANDARD = "gnu++14";
				CLANG_CXX_LIBRARY = "libc++";
				CLANG_ENABLE_MODULES = YES;
				CLANG_ENABLE_OBJC_ARC = YES;
				CLANG_ENABLE_OBJC_WEAK = YES;
				CLANG_WARN_BLOCK_CAPTURE_AUTORELEASING = YES;
				CLANG_WARN_BOOL_CONVERSION = YES;
				CLANG_WARN_COMMA = YES;
				CLANG_WARN_CONSTANT_CONVERSION = YES;
				CLANG_WARN_DEPRECATED_OBJC_IMPLEMENTATIONS = YES;
				CLANG_WARN_DIRECT_OBJC_ISA_USAGE = YES_ERROR;
				CLANG_WARN_DOCUMENTATION_COMMENTS = YES;
				CLANG_WARN_EMPTY_BODY = YES;
				CLANG_WARN_ENUM_CONVERSION = YES;
				CLANG_WARN_INFINITE_RECURSION = YES;
				CLANG_WARN_INT_CONVERSION = YES;
				CLANG_WARN_NON_LITERAL_NULL_CONVERSION = YES;
				CLANG_WARN_OBJC_IMPLICIT_RETAIN_SELF = YES;
				CLANG_WARN_OBJC_LITERAL_CONVERSION = YES;
				CLANG_WARN_OBJC_ROOT_CLASS = YES_ERROR;
				CLANG_WARN_RANGE_LOOP_ANALYSIS = YES;
				CLANG_WARN_STRICT_PROTOTYPES = YES;
				CLANG_WARN_SUSPICIOUS_MOVE = YES;
				CLANG_WARN_UNGUARDED_AVAILABILITY = YES_AGGRESSIVE;
				CLANG_WARN_UNREACHABLE_CODE = YES;
				CLANG_WARN__DUPLICATE_METHOD_MATCH = YES;
				COPY_PHASE_STRIP = NO;
				DEBUG_INFORMATION_FORMAT = dwarf;
				ENABLE_STRICT_OBJC_MSGSEND = YES;
				ENABLE_TESTABILITY = YES;
				GCC_C_LANGUAGE_STANDARD = gnu11;
				GCC_DYNAMIC_NO_PIC = NO;
				GCC_NO_COMMON_BLOCKS = YES;
				GCC_OPTIMIZATION_LEVEL = 0;
				GCC_PREPROCESSOR_DEFINITIONS = (
					"DEBUG=1",
					"$(inherited)",
				);
				GCC_WARN_64_TO_32_BIT_CONVERSION = YES;
				GCC_WARN_ABOUT_RETURN_TYPE = YES_ERROR;
				GCC_WARN_UNDECLARED_SELECTOR = YES;
				GCC_WARN_UNINITIALIZED_AUTOS = YES_AGGRESSIVE;
				GCC_WARN_UNUSED_FUNCTION = YES;
				GCC_WARN_UNUSED_VARIABLE = YES;
				IPHONEOS_DEPLOYMENT_TARGET = 13.2;
				MTL_ENABLE_DEBUG_INFO = INCLUDE_SOURCE;
				MTL_FAST_MATH = YES;
				ONLY_ACTIVE_ARCH = YES;
				SDKROOT = iphoneos;
				SWIFT_ACTIVE_COMPILATION_CONDITIONS = DEBUG;
				SWIFT_OPTIMIZATION_LEVEL = "-Onone";
			};
			name = Debug;
		};
		A7165EBC292580050065E2A4 /* Release */ = {
			isa = XCBuildConfiguration;
			buildSettings = {
				ALWAYS_SEARCH_USER_PATHS = NO;
				CLANG_ANALYZER_NONNULL = YES;
				CLANG_ANALYZER_NUMBER_OBJECT_CONVERSION = YES_AGGRESSIVE;
				CLANG_CXX_LANGUAGE_STANDARD = "gnu++14";
				CLANG_CXX_LIBRARY = "libc++";
				CLANG_ENABLE_MODULES = YES;
				CLANG_ENABLE_OBJC_ARC = YES;
				CLANG_ENABLE_OBJC_WEAK = YES;
				CLANG_WARN_BLOCK_CAPTURE_AUTORELEASING = YES;
				CLANG_WARN_BOOL_CONVERSION = YES;
				CLANG_WARN_COMMA = YES;
				CLANG_WARN_CONSTANT_CONVERSION = YES;
				CLANG_WARN_DEPRECATED_OBJC_IMPLEMENTATIONS = YES;
				CLANG_WARN_DIRECT_OBJC_ISA_USAGE = YES_ERROR;
				CLANG_WARN_DOCUMENTATION_COMMENTS = YES;
				CLANG_WARN_EMPTY_BODY = YES;
				CLANG_WARN_ENUM_CONVERSION = YES;
				CLANG_WARN_INFINITE_RECURSION = YES;
				CLANG_WARN_INT_CONVERSION = YES;
				CLANG_WARN_NON_LITERAL_NULL_CONVERSION = YES;
				CLANG_WARN_OBJC_IMPLICIT_RETAIN_SELF = YES;
				CLANG_WARN_OBJC_LITERAL_CONVERSION = YES;
				CLANG_WARN_OBJC_ROOT_CLASS = YES_ERROR;
				CLANG_WARN_RANGE_LOOP_ANALYSIS = YES;
				CLANG_WARN_STRICT_PROTOTYPES = YES;
				CLANG_WARN_SUSPICIOUS_MOVE = YES;
				CLANG_WARN_UNGUARDED_AVAILABILITY = YES_AGGRESSIVE;
				CLANG_WARN_UNREACHABLE_CODE = YES;
				CLANG_WARN__DUPLICATE_METHOD_MATCH = YES;
				COPY_PHASE_STRIP = NO;
				DEBUG_INFORMATION_FORMAT = "dwarf-with-dsym";
				ENABLE_NS_ASSERTIONS = NO;
				ENABLE_STRICT_OBJC_MSGSEND = YES;
				GCC_C_LANGUAGE_STANDARD = gnu11;
				GCC_NO_COMMON_BLOCKS = YES;
				GCC_WARN_64_TO_32_BIT_CONVERSION = YES;
				GCC_WARN_ABOUT_RETURN_TYPE = YES_ERROR;
				GCC_WARN_UNDECLARED_SELECTOR = YES;
				GCC_WARN_UNINITIALIZED_AUTOS = YES_AGGRESSIVE;
				GCC_WARN_UNUSED_FUNCTION = YES;
				GCC_WARN_UNUSED_VARIABLE = YES;
				IPHONEOS_DEPLOYMENT_TARGET = 13.2;
				MTL_ENABLE_DEBUG_INFO = NO;
				MTL_FAST_MATH = YES;
				SDKROOT = iphoneos;
				SWIFT_COMPILATION_MODE = wholemodule;
				SWIFT_OPTIMIZATION_LEVEL = "-O";
				VALIDATE_PRODUCT = YES;
			};
			name = Release;
		};
		A7165EBE292580050065E2A4 /* Debug */ = {
			isa = XCBuildConfiguration;
			buildSettings = {
				ASSETCATALOG_COMPILER_APPICON_NAME = AppIcon;
				CODE_SIGN_STYLE = Automatic;
				DEVELOPMENT_ASSET_PATHS = "\"Jp's app/Preview Content\"";
				ENABLE_PREVIEWS = YES;
				INFOPLIST_FILE = "Jp's app/Info.plist";
				LD_RUNPATH_SEARCH_PATHS = (
					"$(inherited)",
					"@executable_path/Frameworks",
				);
				PRODUCT_BUNDLE_IDENTIFIER = "mine.Jp-s-app";
				PRODUCT_NAME = "$(TARGET_NAME)";
				SWIFT_VERSION = 5.0;
				TARGETED_DEVICE_FAMILY = "1,2";
			};
			name = Debug;
		};
		A7165EBF292580050065E2A4 /* Release */ = {
			isa = XCBuildConfiguration;
			buildSettings = {
				ASSETCATALOG_COMPILER_APPICON_NAME = AppIcon;
				CODE_SIGN_STYLE = Automatic;
				DEVELOPMENT_ASSET_PATHS = "\"Jp's app/Preview Content\"";
				ENABLE_PREVIEWS = YES;
				INFOPLIST_FILE = "Jp's app/Info.plist";
				LD_RUNPATH_SEARCH_PATHS = (
					"$(inherited)",
					"@executable_path/Frameworks",
				);
				PRODUCT_BUNDLE_IDENTIFIER = "mine.Jp-s-app";
				PRODUCT_NAME = "$(TARGET_NAME)";
				SWIFT_VERSION = 5.0;
				TARGETED_DEVICE_FAMILY = "1,2";
			};
			name = Release;
		};
		A7165EC1292580050065E2A4 /* Debug */ = {
			isa = XCBuildConfiguration;
			buildSettings = {
				ALWAYS_EMBED_SWIFT_STANDARD_LIBRARIES = YES;
				BUNDLE_LOADER = "$(TEST_HOST)";
				CODE_SIGN_STYLE = Automatic;
				INFOPLIST_FILE = "Jp's appTests/Info.plist";
				IPHONEOS_DEPLOYMENT_TARGET = 13.2;
				LD_RUNPATH_SEARCH_PATHS = (
					"$(inherited)",
					"@executable_path/Frameworks",
					"@loader_path/Frameworks",
				);
				PRODUCT_BUNDLE_IDENTIFIER = "mine.Jp-s-appTests";
				PRODUCT_NAME = "$(TARGET_NAME)";
				SWIFT_VERSION = 5.0;
				TARGETED_DEVICE_FAMILY = "1,2";
				TEST_HOST = "$(BUILT_PRODUCTS_DIR)/Jp's app.app/Jp's app";
			};
			name = Debug;
		};
		A7165EC2292580050065E2A4 /* Release */ = {
			isa = XCBuildConfiguration;
			buildSettings = {
				ALWAYS_EMBED_SWIFT_STANDARD_LIBRARIES = YES;
				BUNDLE_LOADER = "$(TEST_HOST)";
				CODE_SIGN_STYLE = Automatic;
				INFOPLIST_FILE = "Jp's appTests/Info.plist";
				IPHONEOS_DEPLOYMENT_TARGET = 13.2;
				LD_RUNPATH_SEARCH_PATHS = (
					"$(inherited)",
					"@executable_path/Frameworks",
					"@loader_path/Frameworks",
				);
				PRODUCT_BUNDLE_IDENTIFIER = "mine.Jp-s-appTests";
				PRODUCT_NAME = "$(TARGET_NAME)";
				SWIFT_VERSION = 5.0;
				TARGETED_DEVICE_FAMILY = "1,2";
				TEST_HOST = "$(BUILT_PRODUCTS_DIR)/Jp's app.app/Jp's app";
			};
			name = Release;
		};
		A7165EC4292580050065E2A4 /* Debug */ = {
			isa = XCBuildConfiguration;
			buildSettings = {
				ALWAYS_EMBED_SWIFT_STANDARD_LIBRARIES = YES;
				CODE_SIGN_STYLE = Automatic;
				INFOPLIST_FILE = "Jp's appUITests/Info.plist";
				LD_RUNPATH_SEARCH_PATHS = (
					"$(inherited)",
					"@executable_path/Frameworks",
					"@loader_path/Frameworks",
				);
				PRODUCT_BUNDLE_IDENTIFIER = "mine.Jp-s-appUITests";
				PRODUCT_NAME = "$(TARGET_NAME)";
				SWIFT_VERSION = 5.0;
				TARGETED_DEVICE_FAMILY = "1,2";
				TEST_TARGET_NAME = "Jp's app";
			};
			name = Debug;
		};
		A7165EC5292580050065E2A4 /* Release */ = {
			isa = XCBuildConfiguration;
			buildSettings = {
				ALWAYS_EMBED_SWIFT_STANDARD_LIBRARIES = YES;
				CODE_SIGN_STYLE = Automatic;
				INFOPLIST_FILE = "Jp's appUITests/Info.plist";
				LD_RUNPATH_SEARCH_PATHS = (
					"$(inherited)",
					"@executable_path/Frameworks",
					"@loader_path/Frameworks",
				);
				PRODUCT_BUNDLE_IDENTIFIER = "mine.Jp-s-appUITests";
				PRODUCT_NAME = "$(TARGET_NAME)";
				SWIFT_VERSION = 5.0;
				TARGETED_DEVICE_FAMILY = "1,2";
				TEST_TARGET_NAME = "Jp's app";
			};
			name = Release;
		};
/* End XCBuildConfiguration section */

/* Begin XCConfigurationList section */
		A7165E8E292580030065E2A4 /* Build configuration list for PBXProject "Jp's app" */ = {
			isa = XCConfigurationList;
			buildConfigurations = (
				A7165EBB292580050065E2A4 /* Debug */,
				A7165EBC292580050065E2A4 /* Release */,
			);
			defaultConfigurationIsVisible = 0;
			defaultConfigurationName = Release;
		};
		A7165EBD292580050065E2A4 /* Build configuration list for PBXNativeTarget "Jp's app" */ = {
			isa = XCConfigurationList;
			buildConfigurations = (
				A7165EBE292580050065E2A4 /* Debug */,
				A7165EBF292580050065E2A4 /* Release */,
			);
			defaultConfigurationIsVisible = 0;
			defaultConfigurationName = Release;
		};
		A7165EC0292580050065E2A4 /* Build configuration list for PBXNativeTarget "Jp's appTests" */ = {
			isa = XCConfigurationList;
			buildConfigurations = (
				A7165EC1292580050065E2A4 /* Debug */,
				A7165EC2292580050065E2A4 /* Release */,
			);
			defaultConfigurationIsVisible = 0;
			defaultConfigurationName = Release;
		};
		A7165EC3292580050065E2A4 /* Build configuration list for PBXNativeTarget "Jp's appUITests" */ = {
			isa = XCConfigurationList;
			buildConfigurations = (
				A7165EC4292580050065E2A4 /* Debug */,
				A7165EC5292580050065E2A4 /* Release */,
			);
			defaultConfigurationIsVisible = 0;
			defaultConfigurationName = Release;
		};
/* End XCConfigurationList section */
	};
	rootObject = A7165E8B292580030065E2A4 /* Project object */;
}
